
Microsoft Visual Studio Solution File, Format Version 12.00
# Visual Studio Version 17
VisualStudioVersion = 17.6.33815.320
MinimumVisualStudioVersion = 10.0.40219.1
Project("{FAE04EC0-301F-11D3-BF4B-00C04F79EFBC}") = "ProductApp", "ProductApp\ProductApp.csproj", "{147012D3-341A-4854-AB21-DD53BC15914C}"
EndProject
Global
	GlobalSection(SolutionConfigurationPlatforms) = preSolution
		Debug|Any CPU = Debug|Any CPU
		Release|Any CPU = Release|Any CPU
	EndGlobalSection
	GlobalSection(ProjectConfigurationPlatforms) = postSolution
		{147012D3-341A-4854-AB21-DD53BC15914C}.Debug|Any CPU.ActiveCfg = Debug|Any CPU
		{147012D3-341A-4854-AB21-DD53BC15914C}.Debug|Any CPU.Build.0 = Debug|Any CPU
		{147012D3-341A-4854-AB21-DD53BC15914C}.Release|Any CPU.ActiveCfg = Release|Any CPU
		{147012D3-341A-4854-AB21-DD53BC15914C}.Release|Any CPU.Build.0 = Release|Any CPU
	EndGlobalSection
	GlobalSection(SolutionProperties) = preSolution
		HideSolutionNode = FALSE
	EndGlobalSection
	GlobalSection(ExtensibilityGlobals) = postSolution
		SolutionGuid = {89547640-FFEF-4C0F-A8B8-9AF90A561F51}
	EndGlobalSection
EndGlobal
